
Microsoft Visual Studio Solution File, Format Version 12.00
# Visual Studio Version 16
VisualStudioVersion = 16.0.30523.141
MinimumVisualStudioVersion = 10.0.40219.1
Project("{FAE04EC0-301F-11D3-BF4B-00C04F79EFBC}") = "CadClientes", "CadClientes\CadClientes.csproj", "{BFC19A95-8915-499A-BED3-CE0E7FA85A23}"
EndProject
Project("{FAE04EC0-301F-11D3-BF4B-00C04F79EFBC}") = "CadClientes.Tests", "CadClientes.Tests\CadClientes.Tests.csproj", "{BDE1BC61-E021-4199-93C0-A908EDE268E4}"
EndProject
Global
	GlobalSection(SolutionConfigurationPlatforms) = preSolution
		Debug|Any CPU = Debug|Any CPU
		Release|Any CPU = Release|Any CPU
	EndGlobalSection
	GlobalSection(ProjectConfigurationPlatforms) = postSolution
		{BFC19A95-8915-499A-BED3-CE0E7FA85A23}.Debug|Any CPU.ActiveCfg = Debug|Any CPU
		{BFC19A95-8915-499A-BED3-CE0E7FA85A23}.Debug|Any CPU.Build.0 = Debug|Any CPU
		{BFC19A95-8915-499A-BED3-CE0E7FA85A23}.Release|Any CPU.ActiveCfg = Release|Any CPU
		{BFC19A95-8915-499A-BED3-CE0E7FA85A23}.Release|Any CPU.Build.0 = Release|Any CPU
		{BDE1BC61-E021-4199-93C0-A908EDE268E4}.Debug|Any CPU.ActiveCfg = Debug|Any CPU
		{BDE1BC61-E021-4199-93C0-A908EDE268E4}.Debug|Any CPU.Build.0 = Debug|Any CPU
		{BDE1BC61-E021-4199-93C0-A908EDE268E4}.Release|Any CPU.ActiveCfg = Release|Any CPU
		{BDE1BC61-E021-4199-93C0-A908EDE268E4}.Release|Any CPU.Build.0 = Release|Any CPU
	EndGlobalSection
	GlobalSection(SolutionProperties) = preSolution
		HideSolutionNode = FALSE
	EndGlobalSection
	GlobalSection(ExtensibilityGlobals) = postSolution
		SolutionGuid = {4A322F2E-1D51-41AF-A912-B6F451558F09}
	EndGlobalSection
EndGlobal
